{
  "name": "PaperGameTest",
  "version": "1.0.0",
  "lockfileVersion": 1,
  "requires": true,
  "dependencies": {
    "cjson": {
      "version": "0.5.0",
      "resolved": "https://registry.npmjs.org/cjson/-/cjson-0.5.0.tgz",
      "integrity": "sha1-oPSGAeAWFk37LG2JHjgMlsramDk=",
      "requires": {
        "json-parse-helpfulerror": "^1.0.3"
      }
    },
    "helper": {
      "version": "0.0.13",
      "resolved": "https://registry.npmjs.org/helper/-/helper-0.0.13.tgz",
      "integrity": "sha1-9K4I2iCoSTf6mfJLB9A8ieh0csA=",
      "requires": {
        "cjson": "*"
      }
    },
    "jju": {
      "version": "1.4.0",
      "resolved": "https://registry.npmjs.org/jju/-/jju-1.4.0.tgz",
      "integrity": "sha1-o6vicYryQaKykE+EpiWXDzia4yo="
    },
    "json-parse-helpfulerror": {
      "version": "1.0.3",
      "resolved": "https://registry.npmjs.org/json-parse-helpfulerror/-/json-parse-helpfulerror-1.0.3.tgz",
      "integrity": "sha1-E/FM4C7tTpgSl7ZOueO5MuLdE9w=",
      "requires": {
        "jju": "^1.1.0"
      }
    }
  }
}
